
Microsoft Visual Studio Solution File, Format Version 12.00
# Visual Studio Version 17
VisualStudioVersion = 17.8.34330.188
MinimumVisualStudioVersion = 10.0.40219.1
Project("{FAE04EC0-301F-11D3-BF4B-00C04F79EFBC}") = "AACSharp_Assignment_Reflection", "AACSharp_Assignment_Reflection\AACSharp_Assignment_Reflection.csproj", "{A1EF927A-8698-4988-A010-29D588DE92B5}"
EndProject
Global
	GlobalSection(SolutionConfigurationPlatforms) = preSolution
		Debug|Any CPU = Debug|Any CPU
		Release|Any CPU = Release|Any CPU
	EndGlobalSection
	GlobalSection(ProjectConfigurationPlatforms) = postSolution
		{A1EF927A-8698-4988-A010-29D588DE92B5}.Debug|Any CPU.ActiveCfg = Debug|Any CPU
		{A1EF927A-8698-4988-A010-29D588DE92B5}.Debug|Any CPU.Build.0 = Debug|Any CPU
		{A1EF927A-8698-4988-A010-29D588DE92B5}.Release|Any CPU.ActiveCfg = Release|Any CPU
		{A1EF927A-8698-4988-A010-29D588DE92B5}.Release|Any CPU.Build.0 = Release|Any CPU
	EndGlobalSection
	GlobalSection(SolutionProperties) = preSolution
		HideSolutionNode = FALSE
	EndGlobalSection
	GlobalSection(ExtensibilityGlobals) = postSolution
		SolutionGuid = {F673249D-7F67-4F26-B820-FCC417007176}
	EndGlobalSection
EndGlobal
